<?xml version="1.0" encoding="utf-8"?>
<Project ToolsVersion="4.0" xmlns="http://schemas.microsoft.com/developer/msbuild/2003">
  <ItemGroup>
    <Filter Include="Source Files">
      <UniqueIdentifier>{4FC737F1-C7A5-4376-A066-2A32D752A2FF}</UniqueIdentifier>
      <Extensions>cpp;c;cc;cxx;def;odl;idl;hpj;bat;asm;asmx</Extensions>
    </Filter>
    <Filter Include="Header Files">
      <UniqueIdentifier>{93995380-89BD-4b04-88EB-625FBE52EBFB}</UniqueIdentifier>
      <Extensions>h;hpp;hxx;hm;inl;inc;xsd</Extensions>
    </Filter>
    <Filter Include="Resource Files">
      <UniqueIdentifier>{67DA6AB6-F800-4c08-8B7A-83BB121AAD01}</UniqueIdentifier>
      <Extensions>rc;ico;cur;bmp;dlg;rc2;rct;bin;rgs;gif;jpg;jpeg;jpe;resx;tiff;tif;png;wav;mfcribbon-ms</Extensions>
    </Filter>
    <Filter Include="Header Files\Shared">
      <UniqueIdentifier>{7a4c40f9-b3c1-4f2d-aac3-b4974a4e1c43}</UniqueIdentifier>
    </Filter>
    <Filter Include="Source Files\EASTL">
      <UniqueIdentifier>{ca53c6be-e9e7-441c-85e1-dc9f20925642}</UniqueIdentifier>
    </Filter>
    <Filter Include="Source Files\nedmalloc">
      <UniqueIdentifier>{59261995-0e1a-47d5-8bb0-1503ee79d3dc}</UniqueIdentifier>
    </Filter>
    <Filter Include="Source Files\HDRLib">
      <UniqueIdentifier>{009720e5-f203-4f4a-bfd9-19723834dde4}</UniqueIdentifier>
    </Filter>
    <Filter Include="Header Files\HDRLib">
      <UniqueIdentifier>{4d45a1da-b48d-4eca-97de-83ad370f6d5d}</UniqueIdentifier>
    </Filter>
    <Filter Include="Header Files\States">
      <UniqueIdentifier>{2ae52bc9-4c29-4716-a233-2caec2f900fa}</UniqueIdentifier>
    </Filter>
    <Filter Include="Source Files\States">
      <UniqueIdentifier>{d6ee77a3-9930-475f-93f7-10aea4131c5d}</UniqueIdentifier>
    </Filter>
    <Filter Include="Source Files\Console">
      <UniqueIdentifier>{03133e9e-489c-4d5c-8654-7873584d4f9c}</UniqueIdentifier>
    </Filter>
    <Filter Include="Header Files\Console">
      <UniqueIdentifier>{b430c7e6-94a2-49a5-b869-04bfe67c61f4}</UniqueIdentifier>
    </Filter>
  </ItemGroup>
  <ItemGroup>
    <ClCompile Include="src\Main.cpp">
      <Filter>Source Files</Filter>
    </ClCompile>
    <ClCompile Include="src\StdAfx.cpp">
      <Filter>Source Files</Filter>
    </ClCompile>
    <ClCompile Include="src\Exception.cpp">
      <Filter>Source Files</Filter>
    </ClCompile>
    <ClCompile Include="src\Engine.cpp">
      <Filter>Source Files</Filter>
    </ClCompile>
    <ClCompile Include="src\Graphics.cpp">
      <Filter>Source Files</Filter>
    </ClCompile>
    <ClCompile Include="..\EASTL\src\allocator.cpp">
      <Filter>Source Files\EASTL</Filter>
    </ClCompile>
    <ClCompile Include="..\EASTL\src\assert.cpp">
      <Filter>Source Files\EASTL</Filter>
    </ClCompile>
    <ClCompile Include="..\EASTL\src\fixed_pool.cpp">
      <Filter>Source Files\EASTL</Filter>
    </ClCompile>
    <ClCompile Include="..\EASTL\src\hashtable.cpp">
      <Filter>Source Files\EASTL</Filter>
    </ClCompile>
    <ClCompile Include="..\EASTL\src\red_black_tree.cpp">
      <Filter>Source Files\EASTL</Filter>
    </ClCompile>
    <ClCompile Include="..\EASTL\src\string.cpp">
      <Filter>Source Files\EASTL</Filter>
    </ClCompile>
    <ClCompile Include="src\Memory.cpp">
      <Filter>Source Files</Filter>
    </ClCompile>
    <ClCompile Include="src\Scripting.cpp">
      <Filter>Source Files</Filter>
    </ClCompile>
    <ClCompile Include="src\TextFile.cpp">
      <Filter>Source Files</Filter>
    </ClCompile>
    <ClCompile Include="src\Win32.cpp">
      <Filter>Source Files</Filter>
    </ClCompile>
    <ClCompile Include="src\ThreadController.cpp">
      <Filter>Source Files</Filter>
    </ClCompile>
    <ClCompile Include="..\nedmalloc\nedmalloc.c">
      <Filter>Source Files\nedmalloc</Filter>
    </ClCompile>
    <ClCompile Include="src\EngineComponent.cpp">
      <Filter>Source Files</Filter>
    </ClCompile>
    <ClCompile Include="src\Game.cpp">
      <Filter>Source Files</Filter>
    </ClCompile>
    <ClCompile Include="src\State.cpp">
      <Filter>Source Files</Filter>
    </ClCompile>
    <ClCompile Include="..\hdrlib\HDRCompositor.cpp">
      <Filter>Source Files\HDRLib</Filter>
    </ClCompile>
    <ClCompile Include="src\Sound.cpp">
      <Filter>Source Files</Filter>
    </ClCompile>
    <ClCompile Include="src\Physics.cpp">
      <Filter>Source Files</Filter>
    </ClCompile>
    <ClCompile Include="src\DemoState.cpp">
      <Filter>Source Files\States</Filter>
    </ClCompile>
    <ClCompile Include="src\Director.cpp">
      <Filter>Source Files</Filter>
    </ClCompile>
    <ClCompile Include="src\Camera.cpp">
      <Filter>Source Files</Filter>
    </ClCompile>
    <ClCompile Include="src\Console.cpp">
      <Filter>Source Files\Console</Filter>
    </ClCompile>
    <ClCompile Include="src\ConsoleWindow.cpp">
      <Filter>Source Files\Console</Filter>
    </ClCompile>
    <ClCompile Include="src\GlobalStats.cpp">
      <Filter>Source Files</Filter>
    </ClCompile>
    <ClCompile Include="src\WindowHandler.cpp">
      <Filter>Source Files</Filter>
    </ClCompile>
    <ClCompile Include="src\Input.cpp">
      <Filter>Source Files</Filter>
    </ClCompile>
  </ItemGroup>
  <ItemGroup>
    <ClInclude Include="include\StdAfx.h">
      <Filter>Header Files</Filter>
    </ClInclude>
    <ClInclude Include="include\TargetVer.h">
      <Filter>Header Files</Filter>
    </ClInclude>
    <ClInclude Include="..\include\CompilerDef.h">
      <Filter>Header Files\Shared</Filter>
    </ClInclude>
    <ClInclude Include="..\include\Defines.h">
      <Filter>Header Files\Shared</Filter>
    </ClInclude>
    <ClInclude Include="..\include\Types.h">
      <Filter>Header Files\Shared</Filter>
    </ClInclude>
    <ClInclude Include="..\include\Utilities.h">
      <Filter>Header Files\Shared</Filter>
    </ClInclude>
    <ClInclude Include="include\Exception.h">
      <Filter>Header Files</Filter>
    </ClInclude>
    <ClInclude Include="include\Engine.h">
      <Filter>Header Files</Filter>
    </ClInclude>
    <ClInclude Include="include\Graphics.h">
      <Filter>Header Files</Filter>
    </ClInclude>
    <ClInclude Include="include\GlacierMemory.h">
      <Filter>Header Files</Filter>
    </ClInclude>
    <ClInclude Include="include\Scripting.h">
      <Filter>Header Files</Filter>
    </ClInclude>
    <ClInclude Include="include\TextFile.h">
      <Filter>Header Files</Filter>
    </ClInclude>
    <ClInclude Include="include\Win32.h">
      <Filter>Header Files</Filter>
    </ClInclude>
    <ClInclude Include="include\ThreadController.h">
      <Filter>Header Files</Filter>
    </ClInclude>
    <ClInclude Include="include\EngineComponent.h">
      <Filter>Header Files</Filter>
    </ClInclude>
    <ClInclude Include="include\Game.h">
      <Filter>Header Files</Filter>
    </ClInclude>
    <ClInclude Include="include\State.h">
      <Filter>Header Files</Filter>
    </ClInclude>
    <ClInclude Include="glacier2_resource.h">
      <Filter>Resource Files</Filter>
    </ClInclude>
    <ClInclude Include="..\hdrlib\HDRCompositor.h">
      <Filter>Header Files\HDRLib</Filter>
    </ClInclude>
    <ClInclude Include="include\Sound.h">
      <Filter>Header Files</Filter>
    </ClInclude>
    <ClInclude Include="include\Physics.h">
      <Filter>Header Files</Filter>
    </ClInclude>
    <ClInclude Include="include\DemoState.h">
      <Filter>Header Files\States</Filter>
    </ClInclude>
    <ClInclude Include="include\Director.h">
      <Filter>Header Files</Filter>
    </ClInclude>
    <ClInclude Include="include\Camera.h">
      <Filter>Header Files</Filter>
    </ClInclude>
    <ClInclude Include="include\ConsoleWindow.h">
      <Filter>Header Files\Console</Filter>
    </ClInclude>
    <ClInclude Include="include\Console.h">
      <Filter>Header Files\Console</Filter>
    </ClInclude>
    <ClInclude Include="include\GlobalStats.h">
      <Filter>Header Files</Filter>
    </ClInclude>
    <ClInclude Include="include\WindowHandler.h">
      <Filter>Header Files</Filter>
    </ClInclude>
    <ClInclude Include="include\Input.h">
      <Filter>Header Files</Filter>
    </ClInclude>
  </ItemGroup>
  <ItemGroup>
    <None Include="..\README.md">
      <Filter>Resource Files</Filter>
    </None>
  </ItemGroup>
  <ItemGroup>
    <ResourceCompile Include="glacier2.rc">
      <Filter>Resource Files</Filter>
    </ResourceCompile>
  </ItemGroup>
</Project>