<?xml version="1.0" encoding="utf-8"?>
<Project ToolsVersion="4.0" xmlns="http://schemas.microsoft.com/developer/msbuild/2003">
  <ItemGroup>
    <Filter Include="Source Files">
      <UniqueIdentifier>{4FC737F1-C7A5-4376-A066-2A32D752A2FF}</UniqueIdentifier>
      <Extensions>cpp;c;cc;cxx;def;odl;idl;hpj;bat;asm;asmx</Extensions>
    </Filter>
    <Filter Include="Header Files">
      <UniqueIdentifier>{93995380-89BD-4b04-88EB-625FBE52EBFB}</UniqueIdentifier>
      <Extensions>h;hpp;hxx;hm;inl;inc;xsd</Extensions>
    </Filter>
    <Filter Include="Resource Files">
      <UniqueIdentifier>{67DA6AB6-F800-4c08-8B7A-83BB121AAD01}</UniqueIdentifier>
      <Extensions>rc;ico;cur;bmp;dlg;rc2;rct;bin;rgs;gif;jpg;jpeg;jpe;resx;tiff;tif;png;wav;mfcribbon-ms</Extensions>
    </Filter>
    <Filter Include="Header Files\Shared">
      <UniqueIdentifier>{7a4c40f9-b3c1-4f2d-aac3-b4974a4e1c43}</UniqueIdentifier>
    </Filter>
    <Filter Include="Header Files\States">
      <UniqueIdentifier>{2ae52bc9-4c29-4716-a233-2caec2f900fa}</UniqueIdentifier>
    </Filter>
    <Filter Include="Source Files\States">
      <UniqueIdentifier>{d6ee77a3-9930-475f-93f7-10aea4131c5d}</UniqueIdentifier>
    </Filter>
    <Filter Include="Source Files\Console">
      <UniqueIdentifier>{03133e9e-489c-4d5c-8654-7873584d4f9c}</UniqueIdentifier>
    </Filter>
    <Filter Include="Header Files\Console">
      <UniqueIdentifier>{b430c7e6-94a2-49a5-b869-04bfe67c61f4}</UniqueIdentifier>
    </Filter>
    <Filter Include="Source Files\Scripting">
      <UniqueIdentifier>{53e58cd0-4330-4fd0-a57c-d5522f9ce170}</UniqueIdentifier>
    </Filter>
    <Filter Include="Header Files\Entities">
      <UniqueIdentifier>{9bc08f82-2563-462e-b6a9-3c99ea6b7901}</UniqueIdentifier>
    </Filter>
    <Filter Include="Source Files\Entities">
      <UniqueIdentifier>{29cad3fa-21a2-412b-b36f-603a69225402}</UniqueIdentifier>
    </Filter>
    <Filter Include="Header Files\Services">
      <UniqueIdentifier>{4e715625-1e8b-473f-ac3c-515cdd94fb0c}</UniqueIdentifier>
    </Filter>
    <Filter Include="Source Files\Services">
      <UniqueIdentifier>{86cb6c55-a082-4adb-9937-f026c568549d}</UniqueIdentifier>
    </Filter>
    <Filter Include="Header Files\Services\Audio">
      <UniqueIdentifier>{7d5044cf-93e0-4f4a-8fc4-ace4997a38de}</UniqueIdentifier>
    </Filter>
    <Filter Include="Source Files\Services\Audio">
      <UniqueIdentifier>{23b544d5-bfb6-4f12-b996-ce50107e71a1}</UniqueIdentifier>
    </Filter>
    <Filter Include="Header Files\Services\Memory">
      <UniqueIdentifier>{cb194cee-15c0-4fc1-87fe-b91eff4f9692}</UniqueIdentifier>
    </Filter>
    <Filter Include="Source Files\Services\Memory">
      <UniqueIdentifier>{97e6686d-898d-4b59-844c-621a9cc1ab91}</UniqueIdentifier>
    </Filter>
    <Filter Include="Source Files\Services\Physics">
      <UniqueIdentifier>{d4ff7056-921c-4c8d-a876-e58011f59b78}</UniqueIdentifier>
    </Filter>
    <Filter Include="Header Files\Services\Physics">
      <UniqueIdentifier>{f33bf2ad-20e4-48ef-a029-2d3c16c88df6}</UniqueIdentifier>
    </Filter>
    <Filter Include="Header Files\Junk">
      <UniqueIdentifier>{a4c1f2c2-834f-4e1b-a59d-1205963df5d1}</UniqueIdentifier>
    </Filter>
    <Filter Include="Source Files\Junk">
      <UniqueIdentifier>{b021b003-a13a-41d6-a06f-09338aec6463}</UniqueIdentifier>
    </Filter>
    <Filter Include="Header Files\Scripting">
      <UniqueIdentifier>{026a2bdd-f8b7-4b37-abc3-a9f0f42fd01e}</UniqueIdentifier>
    </Filter>
    <Filter Include="Header Files\GUI">
      <UniqueIdentifier>{82bc2e82-8bae-410d-9bfc-5d2398839580}</UniqueIdentifier>
    </Filter>
    <Filter Include="Header Files\World">
      <UniqueIdentifier>{451a9487-1f4a-4949-9d31-24d739581d43}</UniqueIdentifier>
    </Filter>
    <Filter Include="Source Files\World">
      <UniqueIdentifier>{69c24dc0-2c8a-437a-97fd-faa5dd9bf24c}</UniqueIdentifier>
    </Filter>
    <Filter Include="Header Files\Procedural">
      <UniqueIdentifier>{7dd303b9-7b87-4e32-9c1a-66c8d4e20f87}</UniqueIdentifier>
    </Filter>
    <Filter Include="Header Files\Input">
      <UniqueIdentifier>{7f15172e-a2fa-4119-ab86-8f4bd8f33ac5}</UniqueIdentifier>
    </Filter>
    <Filter Include="Source Files\Input">
      <UniqueIdentifier>{9c96e6c4-bb4a-4549-b94e-c41ec18d2e50}</UniqueIdentifier>
    </Filter>
    <Filter Include="Header Files\Graphics">
      <UniqueIdentifier>{62c2a74f-cc2d-4240-81c9-7fb700e86619}</UniqueIdentifier>
    </Filter>
    <Filter Include="Source Files\Graphics">
      <UniqueIdentifier>{2fc9a269-c653-4ce8-8db7-2723c3070ab9}</UniqueIdentifier>
    </Filter>
    <Filter Include="Source Files\Recast &amp; Detour">
      <UniqueIdentifier>{242a714c-e4a9-4c95-ad5b-897a1d679682}</UniqueIdentifier>
    </Filter>
    <Filter Include="Source Files\Recast &amp; Detour\Recast">
      <UniqueIdentifier>{4660444b-5741-48bb-a8c0-4d13d2dd9a3b}</UniqueIdentifier>
    </Filter>
    <Filter Include="Source Files\Recast &amp; Detour\Detour">
      <UniqueIdentifier>{a3b9eecf-c444-423a-8279-fe9af2967d25}</UniqueIdentifier>
    </Filter>
    <Filter Include="Source Files\Recast &amp; Detour\DebugUtils">
      <UniqueIdentifier>{bbadd820-93a8-4a58-bda2-86360f94d09a}</UniqueIdentifier>
    </Filter>
    <Filter Include="Source Files\Recast &amp; Detour\DetourCrowd">
      <UniqueIdentifier>{b5b6c00f-758a-4b98-ac17-bf7ff67c7e53}</UniqueIdentifier>
    </Filter>
    <Filter Include="Source Files\Recast &amp; Detour\DetourTileCache">
      <UniqueIdentifier>{b65da0d3-7b34-429a-87a3-52cf521af1d7}</UniqueIdentifier>
    </Filter>
    <Filter Include="Header Files\Services\Navigation">
      <UniqueIdentifier>{4f7f8599-06a5-4409-a8e5-a673844d66a2}</UniqueIdentifier>
    </Filter>
    <Filter Include="Source Files\Services\Navigation">
      <UniqueIdentifier>{46c64b32-4ea9-403b-8cf4-220d96734962}</UniqueIdentifier>
    </Filter>
    <Filter Include="Source Files\Entities\Character">
      <UniqueIdentifier>{40eafd37-669e-4fa3-9aac-2427a0159ee3}</UniqueIdentifier>
    </Filter>
    <Filter Include="Source Files\Graphics\GUI">
      <UniqueIdentifier>{b0cd0d81-ed16-4edf-b179-80df49907f0d}</UniqueIdentifier>
    </Filter>
    <Filter Include="Source Files\Junk\nedmalloc">
      <UniqueIdentifier>{ea18ffd0-63de-4f91-a0f9-95599af5072d}</UniqueIdentifier>
    </Filter>
    <Filter Include="Header Files\Entities\Character">
      <UniqueIdentifier>{bd6a8db5-0113-4e15-a104-dc1f0281f8e3}</UniqueIdentifier>
    </Filter>
  </ItemGroup>
  <ItemGroup>
    <ClCompile Include="src\Main.cpp">
      <Filter>Source Files</Filter>
    </ClCompile>
    <ClCompile Include="src\Engine.cpp">
      <Filter>Source Files</Filter>
    </ClCompile>
    <ClCompile Include="src\EngineComponent.cpp">
      <Filter>Source Files</Filter>
    </ClCompile>
    <ClCompile Include="src\Game.cpp">
      <Filter>Source Files</Filter>
    </ClCompile>
    <ClCompile Include="src\Director.cpp">
      <Filter>Source Files</Filter>
    </ClCompile>
    <ClCompile Include="src\Console.cpp">
      <Filter>Source Files\Console</Filter>
    </ClCompile>
    <ClCompile Include="src\ConsoleWindow.cpp">
      <Filter>Source Files\Console</Filter>
    </ClCompile>
    <ClCompile Include="src\GlobalStats.cpp">
      <Filter>Source Files</Filter>
    </ClCompile>
    <ClCompile Include="..\nedmalloc\nedmalloc.cpp">
      <Filter>Source Files\Junk\nedmalloc</Filter>
    </ClCompile>
    <ClCompile Include="src\Script.cpp">
      <Filter>Source Files\Scripting</Filter>
    </ClCompile>
    <ClCompile Include="src\Scripting.cpp">
      <Filter>Source Files\Scripting</Filter>
    </ClCompile>
    <ClCompile Include="src\JSVector3.cpp">
      <Filter>Source Files\Scripting</Filter>
    </ClCompile>
    <ClCompile Include="src\JSUtil.cpp">
      <Filter>Source Files\Scripting</Filter>
    </ClCompile>
    <ClCompile Include="src\JSQuaternion.cpp">
      <Filter>Source Files\Scripting</Filter>
    </ClCompile>
    <ClCompile Include="src\Entity.cpp">
      <Filter>Source Files\Entities</Filter>
    </ClCompile>
    <ClCompile Include="src\EntityManager.cpp">
      <Filter>Source Files\Entities</Filter>
    </ClCompile>
    <ClCompile Include="src\JSConsole.cpp">
      <Filter>Source Files\Scripting</Filter>
    </ClCompile>
    <ClCompile Include="src\ServiceLocator.cpp">
      <Filter>Source Files\Services</Filter>
    </ClCompile>
    <ClCompile Include="src\FMODAudio.cpp">
      <Filter>Source Files\Services\Audio</Filter>
    </ClCompile>
    <ClCompile Include="src\NedPoolMemory.cpp">
      <Filter>Source Files\Services\Memory</Filter>
    </ClCompile>
    <ClCompile Include="src\PhysXPhysics.cpp">
      <Filter>Source Files\Services\Physics</Filter>
    </ClCompile>
    <ClCompile Include="src\ThreadController.cpp">
      <Filter>Source Files\Junk</Filter>
    </ClCompile>
    <ClCompile Include="src\TextFile.cpp">
      <Filter>Source Files\Junk</Filter>
    </ClCompile>
    <ClCompile Include="src\Win32.cpp">
      <Filter>Source Files\Junk</Filter>
    </ClCompile>
    <ClCompile Include="src\WindowHandler.cpp">
      <Filter>Source Files\Junk</Filter>
    </ClCompile>
    <ClCompile Include="src\StdAfx.cpp">
      <Filter>Source Files\Junk</Filter>
    </ClCompile>
    <ClCompile Include="src\Exception.cpp">
      <Filter>Source Files\Junk</Filter>
    </ClCompile>
    <ClCompile Include="src\State.cpp">
      <Filter>Source Files\States</Filter>
    </ClCompile>
    <ClCompile Include="src\ModelViewerState.cpp">
      <Filter>Source Files\States</Filter>
    </ClCompile>
    <ClCompile Include="src\ModelViewer.cpp">
      <Filter>Source Files</Filter>
    </ClCompile>
    <ClCompile Include="src\GUI.cpp">
      <Filter>Source Files\Graphics\GUI</Filter>
    </ClCompile>
    <ClCompile Include="src\SettingsWindow.cpp">
      <Filter>Source Files\Graphics\GUI</Filter>
    </ClCompile>
    <ClCompile Include="src\AudioService.cpp">
      <Filter>Source Files\Services\Audio</Filter>
    </ClCompile>
    <ClCompile Include="src\DemoState.cpp">
      <Filter>Source Files\States</Filter>
    </ClCompile>
    <ClCompile Include="src\PhysicsScene.cpp">
      <Filter>Source Files\Services\Physics</Filter>
    </ClCompile>
    <ClCompile Include="src\PhysicsDebugVisualizer.cpp">
      <Filter>Source Files\Services\Physics</Filter>
    </ClCompile>
    <ClCompile Include="src\MenuState.cpp">
      <Filter>Source Files\States</Filter>
    </ClCompile>
    <ClCompile Include="src\WorldPrimitives.cpp">
      <Filter>Source Files\World</Filter>
    </ClCompile>
    <ClCompile Include="src\EntityRegistry.cpp">
      <Filter>Source Files\Entities</Filter>
    </ClCompile>
    <ClCompile Include="src\DeveloperEntities.cpp">
      <Filter>Source Files\Entities</Filter>
    </ClCompile>
    <ClCompile Include="src\World.cpp">
      <Filter>Source Files\World</Filter>
    </ClCompile>
    <ClCompile Include="src\Gamepad.cpp">
      <Filter>Source Files\Input</Filter>
    </ClCompile>
    <ClCompile Include="src\InputManager.cpp">
      <Filter>Source Files\Input</Filter>
    </ClCompile>
    <ClCompile Include="src\Keyboard.cpp">
      <Filter>Source Files\Input</Filter>
    </ClCompile>
    <ClCompile Include="src\Mouse.cpp">
      <Filter>Source Files\Input</Filter>
    </ClCompile>
    <ClCompile Include="src\FMODMusic.cpp">
      <Filter>Source Files\Services\Audio</Filter>
    </ClCompile>
    <ClCompile Include="src\Graphics.cpp">
      <Filter>Source Files\Graphics</Filter>
    </ClCompile>
    <ClCompile Include="src\MovableTextOverlay.cpp">
      <Filter>Source Files\Graphics</Filter>
    </ClCompile>
    <ClCompile Include="src\CascadedShadowMapping.cpp">
      <Filter>Source Files\Graphics</Filter>
    </ClCompile>
    <ClCompile Include="..\recastnavigation\Recast\Source\Recast.cpp">
      <Filter>Source Files\Recast &amp; Detour\Recast</Filter>
    </ClCompile>
    <ClCompile Include="..\recastnavigation\Recast\Source\RecastAlloc.cpp">
      <Filter>Source Files\Recast &amp; Detour\Recast</Filter>
    </ClCompile>
    <ClCompile Include="..\recastnavigation\Recast\Source\RecastArea.cpp">
      <Filter>Source Files\Recast &amp; Detour\Recast</Filter>
    </ClCompile>
    <ClCompile Include="..\recastnavigation\Recast\Source\RecastContour.cpp">
      <Filter>Source Files\Recast &amp; Detour\Recast</Filter>
    </ClCompile>
    <ClCompile Include="..\recastnavigation\Recast\Source\RecastFilter.cpp">
      <Filter>Source Files\Recast &amp; Detour\Recast</Filter>
    </ClCompile>
    <ClCompile Include="..\recastnavigation\Recast\Source\RecastLayers.cpp">
      <Filter>Source Files\Recast &amp; Detour\Recast</Filter>
    </ClCompile>
    <ClCompile Include="..\recastnavigation\Recast\Source\RecastMesh.cpp">
      <Filter>Source Files\Recast &amp; Detour\Recast</Filter>
    </ClCompile>
    <ClCompile Include="..\recastnavigation\Recast\Source\RecastMeshDetail.cpp">
      <Filter>Source Files\Recast &amp; Detour\Recast</Filter>
    </ClCompile>
    <ClCompile Include="..\recastnavigation\Recast\Source\RecastRasterization.cpp">
      <Filter>Source Files\Recast &amp; Detour\Recast</Filter>
    </ClCompile>
    <ClCompile Include="..\recastnavigation\Recast\Source\RecastRegion.cpp">
      <Filter>Source Files\Recast &amp; Detour\Recast</Filter>
    </ClCompile>
    <ClCompile Include="..\recastnavigation\Detour\Source\DetourAlloc.cpp">
      <Filter>Source Files\Recast &amp; Detour\Detour</Filter>
    </ClCompile>
    <ClCompile Include="..\recastnavigation\Detour\Source\DetourCommon.cpp">
      <Filter>Source Files\Recast &amp; Detour\Detour</Filter>
    </ClCompile>
    <ClCompile Include="..\recastnavigation\Detour\Source\DetourNavMesh.cpp">
      <Filter>Source Files\Recast &amp; Detour\Detour</Filter>
    </ClCompile>
    <ClCompile Include="..\recastnavigation\Detour\Source\DetourNavMeshBuilder.cpp">
      <Filter>Source Files\Recast &amp; Detour\Detour</Filter>
    </ClCompile>
    <ClCompile Include="..\recastnavigation\Detour\Source\DetourNavMeshQuery.cpp">
      <Filter>Source Files\Recast &amp; Detour\Detour</Filter>
    </ClCompile>
    <ClCompile Include="..\recastnavigation\Detour\Source\DetourNode.cpp">
      <Filter>Source Files\Recast &amp; Detour\Detour</Filter>
    </ClCompile>
    <ClCompile Include="..\recastnavigation\DebugUtils\Source\DebugDraw.cpp">
      <Filter>Source Files\Recast &amp; Detour\DebugUtils</Filter>
    </ClCompile>
    <ClCompile Include="..\recastnavigation\DebugUtils\Source\DetourDebugDraw.cpp">
      <Filter>Source Files\Recast &amp; Detour\DebugUtils</Filter>
    </ClCompile>
    <ClCompile Include="..\recastnavigation\DebugUtils\Source\RecastDebugDraw.cpp">
      <Filter>Source Files\Recast &amp; Detour\DebugUtils</Filter>
    </ClCompile>
    <ClCompile Include="..\recastnavigation\DebugUtils\Source\RecastDump.cpp">
      <Filter>Source Files\Recast &amp; Detour\DebugUtils</Filter>
    </ClCompile>
    <ClCompile Include="..\recastnavigation\DetourCrowd\Source\DetourCrowd.cpp">
      <Filter>Source Files\Recast &amp; Detour\DetourCrowd</Filter>
    </ClCompile>
    <ClCompile Include="..\recastnavigation\DetourCrowd\Source\DetourLocalBoundary.cpp">
      <Filter>Source Files\Recast &amp; Detour\DetourCrowd</Filter>
    </ClCompile>
    <ClCompile Include="..\recastnavigation\DetourCrowd\Source\DetourObstacleAvoidance.cpp">
      <Filter>Source Files\Recast &amp; Detour\DetourCrowd</Filter>
    </ClCompile>
    <ClCompile Include="..\recastnavigation\DetourCrowd\Source\DetourPathCorridor.cpp">
      <Filter>Source Files\Recast &amp; Detour\DetourCrowd</Filter>
    </ClCompile>
    <ClCompile Include="..\recastnavigation\DetourCrowd\Source\DetourPathQueue.cpp">
      <Filter>Source Files\Recast &amp; Detour\DetourCrowd</Filter>
    </ClCompile>
    <ClCompile Include="..\recastnavigation\DetourCrowd\Source\DetourProximityGrid.cpp">
      <Filter>Source Files\Recast &amp; Detour\DetourCrowd</Filter>
    </ClCompile>
    <ClCompile Include="..\recastnavigation\DetourTileCache\Source\DetourTileCache.cpp">
      <Filter>Source Files\Recast &amp; Detour\DetourTileCache</Filter>
    </ClCompile>
    <ClCompile Include="..\recastnavigation\DetourTileCache\Source\DetourTileCacheBuilder.cpp">
      <Filter>Source Files\Recast &amp; Detour\DetourTileCache</Filter>
    </ClCompile>
    <ClCompile Include="src\Camera.cpp">
      <Filter>Source Files\Graphics</Filter>
    </ClCompile>
    <ClCompile Include="src\GameCamera.cpp">
      <Filter>Source Files\Graphics</Filter>
    </ClCompile>
    <ClCompile Include="src\Colors.cpp">
      <Filter>Source Files\Services</Filter>
    </ClCompile>
    <ClCompile Include="src\Shadows.cpp">
      <Filter>Source Files\Graphics</Filter>
    </ClCompile>
    <ClCompile Include="src\JSColors.cpp">
      <Filter>Source Files\Scripting</Filter>
    </ClCompile>
    <ClCompile Include="src\NavigationMesh.cpp">
      <Filter>Source Files\Services\Navigation</Filter>
    </ClCompile>
    <ClCompile Include="src\NavigationInputGeometry.cpp">
      <Filter>Source Files\Services\Navigation</Filter>
    </ClCompile>
    <ClCompile Include="src\MeshHelpers.cpp">
      <Filter>Source Files\Junk</Filter>
    </ClCompile>
    <ClCompile Include="src\Navigation.cpp">
      <Filter>Source Files\Services\Navigation</Filter>
    </ClCompile>
    <ClCompile Include="src\NavigationDebugVisualizer.cpp">
      <Filter>Source Files\Services\Navigation</Filter>
    </ClCompile>
    <ClCompile Include="src\PostProcessing.cpp">
      <Filter>Source Files\Graphics</Filter>
    </ClCompile>
    <ClCompile Include="..\hdrlib\HDRCompositor.cpp">
      <Filter>Source Files\Graphics</Filter>
    </ClCompile>
    <ClCompile Include="src\GameController.cpp">
      <Filter>Source Files\Input</Filter>
    </ClCompile>
    <ClCompile Include="src\CameraController.cpp">
      <Filter>Source Files\Input</Filter>
    </ClCompile>
    <ClCompile Include="src\LocalController.cpp">
      <Filter>Source Files\Input</Filter>
    </ClCompile>
    <ClCompile Include="src\CharacterPhysicsComponent.cpp">
      <Filter>Source Files\Entities\Character</Filter>
    </ClCompile>
    <ClCompile Include="src\Character.cpp">
      <Filter>Source Files\Entities\Character</Filter>
    </ClCompile>
    <ClCompile Include="src\CharacterInputComponent.cpp">
      <Filter>Source Files\Entities\Character</Filter>
    </ClCompile>
    <ClCompile Include="src\CharacterMovementComponent.cpp">
      <Filter>Source Files\Entities\Character</Filter>
    </ClCompile>
    <ClCompile Include="src\Player.cpp">
      <Filter>Source Files\Entities\Character</Filter>
    </ClCompile>
    <ClCompile Include="src\JSEntity.cpp">
      <Filter>Source Files\Scripting</Filter>
    </ClCompile>
  </ItemGroup>
  <ItemGroup>
    <ClInclude Include="..\include\CompilerDef.h">
      <Filter>Header Files\Shared</Filter>
    </ClInclude>
    <ClInclude Include="..\include\Defines.h">
      <Filter>Header Files\Shared</Filter>
    </ClInclude>
    <ClInclude Include="..\include\Types.h">
      <Filter>Header Files\Shared</Filter>
    </ClInclude>
    <ClInclude Include="..\include\Utilities.h">
      <Filter>Header Files\Shared</Filter>
    </ClInclude>
    <ClInclude Include="include\Engine.h">
      <Filter>Header Files</Filter>
    </ClInclude>
    <ClInclude Include="include\EngineComponent.h">
      <Filter>Header Files</Filter>
    </ClInclude>
    <ClInclude Include="include\Game.h">
      <Filter>Header Files</Filter>
    </ClInclude>
    <ClInclude Include="glacier2_resource.h">
      <Filter>Resource Files</Filter>
    </ClInclude>
    <ClInclude Include="include\Director.h">
      <Filter>Header Files</Filter>
    </ClInclude>
    <ClInclude Include="include\ConsoleWindow.h">
      <Filter>Header Files\Console</Filter>
    </ClInclude>
    <ClInclude Include="include\Console.h">
      <Filter>Header Files\Console</Filter>
    </ClInclude>
    <ClInclude Include="include\GlobalStats.h">
      <Filter>Header Files</Filter>
    </ClInclude>
    <ClInclude Include="include\Script.h">
      <Filter>Header Files\Scripting</Filter>
    </ClInclude>
    <ClInclude Include="include\Scripting.h">
      <Filter>Header Files\Scripting</Filter>
    </ClInclude>
    <ClInclude Include="include\JSNatives.h">
      <Filter>Header Files\Scripting</Filter>
    </ClInclude>
    <ClInclude Include="include\JSUtil.h">
      <Filter>Header Files\Scripting</Filter>
    </ClInclude>
    <ClInclude Include="include\JSObjectWrapper.h">
      <Filter>Header Files\Scripting</Filter>
    </ClInclude>
    <ClInclude Include="include\EntityRegistry.h">
      <Filter>Header Files\Entities</Filter>
    </ClInclude>
    <ClInclude Include="include\Entity.h">
      <Filter>Header Files\Entities</Filter>
    </ClInclude>
    <ClInclude Include="include\EntityManager.h">
      <Filter>Header Files\Entities</Filter>
    </ClInclude>
    <ClInclude Include="include\ServiceLocator.h">
      <Filter>Header Files\Services</Filter>
    </ClInclude>
    <ClInclude Include="include\Services.h">
      <Filter>Header Files\Services</Filter>
    </ClInclude>
    <ClInclude Include="include\FMODAudio.h">
      <Filter>Header Files\Services\Audio</Filter>
    </ClInclude>
    <ClInclude Include="include\NedPoolMemory.h">
      <Filter>Header Files\Services\Memory</Filter>
    </ClInclude>
    <ClInclude Include="include\PhysXPhysics.h">
      <Filter>Header Files\Services\Physics</Filter>
    </ClInclude>
    <ClInclude Include="include\ThreadController.h">
      <Filter>Header Files\Junk</Filter>
    </ClInclude>
    <ClInclude Include="include\Win32.h">
      <Filter>Header Files\Junk</Filter>
    </ClInclude>
    <ClInclude Include="include\WindowHandler.h">
      <Filter>Header Files\Junk</Filter>
    </ClInclude>
    <ClInclude Include="include\TextFile.h">
      <Filter>Header Files\Junk</Filter>
    </ClInclude>
    <ClInclude Include="include\State.h">
      <Filter>Header Files\States</Filter>
    </ClInclude>
    <ClInclude Include="include\TargetVer.h">
      <Filter>Header Files\Junk</Filter>
    </ClInclude>
    <ClInclude Include="include\StdAfx.h">
      <Filter>Header Files\Junk</Filter>
    </ClInclude>
    <ClInclude Include="include\Exception.h">
      <Filter>Header Files\Junk</Filter>
    </ClInclude>
    <ClInclude Include="include\ModelViewer.h">
      <Filter>Header Files</Filter>
    </ClInclude>
    <ClInclude Include="include\ModelViewerState.h">
      <Filter>Header Files\States</Filter>
    </ClInclude>
    <ClInclude Include="include\GUI.h">
      <Filter>Header Files\GUI</Filter>
    </ClInclude>
    <ClInclude Include="include\AudioService.h">
      <Filter>Header Files\Services\Audio</Filter>
    </ClInclude>
    <ClInclude Include="include\DemoState.h">
      <Filter>Header Files\States</Filter>
    </ClInclude>
    <ClInclude Include="include\PhysicsScene.h">
      <Filter>Header Files\Services\Physics</Filter>
    </ClInclude>
    <ClInclude Include="..\include\GlacierMath.h">
      <Filter>Header Files\Shared</Filter>
    </ClInclude>
    <ClInclude Include="include\PhysicsDebugVisualizer.h">
      <Filter>Header Files\Services\Physics</Filter>
    </ClInclude>
    <ClInclude Include="include\MenuState.h">
      <Filter>Header Files\States</Filter>
    </ClInclude>
    <ClInclude Include="include\WorldPrimitives.h">
      <Filter>Header Files\World</Filter>
    </ClInclude>
    <ClInclude Include="..\ogre-procedural\library\include\Procedural.h">
      <Filter>Header Files\Procedural</Filter>
    </ClInclude>
    <ClInclude Include="..\ogre-procedural\library\include\ProceduralBoolean.h">
      <Filter>Header Files\Procedural</Filter>
    </ClInclude>
    <ClInclude Include="..\ogre-procedural\library\include\ProceduralBoxGenerator.h">
      <Filter>Header Files\Procedural</Filter>
    </ClInclude>
    <ClInclude Include="..\ogre-procedural\library\include\ProceduralCapsuleGenerator.h">
      <Filter>Header Files\Procedural</Filter>
    </ClInclude>
    <ClInclude Include="..\ogre-procedural\library\include\ProceduralConeGenerator.h">
      <Filter>Header Files\Procedural</Filter>
    </ClInclude>
    <ClInclude Include="..\ogre-procedural\library\include\ProceduralCylinderGenerator.h">
      <Filter>Header Files\Procedural</Filter>
    </ClInclude>
    <ClInclude Include="..\ogre-procedural\library\include\ProceduralDebugRendering.h">
      <Filter>Header Files\Procedural</Filter>
    </ClInclude>
    <ClInclude Include="..\ogre-procedural\library\include\ProceduralExtruder.h">
      <Filter>Header Files\Procedural</Filter>
    </ClInclude>
    <ClInclude Include="..\ogre-procedural\library\include\ProceduralGeometryHelpers.h">
      <Filter>Header Files\Procedural</Filter>
    </ClInclude>
    <ClInclude Include="..\ogre-procedural\library\include\ProceduralIcoSphereGenerator.h">
      <Filter>Header Files\Procedural</Filter>
    </ClInclude>
    <ClInclude Include="..\ogre-procedural\library\include\ProceduralLathe.h">
      <Filter>Header Files\Procedural</Filter>
    </ClInclude>
    <ClInclude Include="..\ogre-procedural\library\include\ProceduralMeshGenerator.h">
      <Filter>Header Files\Procedural</Filter>
    </ClInclude>
    <ClInclude Include="..\ogre-procedural\library\include\ProceduralMeshModifiers.h">
      <Filter>Header Files\Procedural</Filter>
    </ClInclude>
    <ClInclude Include="..\ogre-procedural\library\include\ProceduralMultiShape.h">
      <Filter>Header Files\Procedural</Filter>
    </ClInclude>
    <ClInclude Include="..\ogre-procedural\library\include\ProceduralMultiShapeGenerators.h">
      <Filter>Header Files\Procedural</Filter>
    </ClInclude>
    <ClInclude Include="..\ogre-procedural\library\include\ProceduralNoise.h">
      <Filter>Header Files\Procedural</Filter>
    </ClInclude>
    <ClInclude Include="..\ogre-procedural\library\include\ProceduralPath.h">
      <Filter>Header Files\Procedural</Filter>
    </ClInclude>
    <ClInclude Include="..\ogre-procedural\library\include\ProceduralPathGenerators.h">
      <Filter>Header Files\Procedural</Filter>
    </ClInclude>
    <ClInclude Include="..\ogre-procedural\library\include\ProceduralPathGeneratorsBase.h">
      <Filter>Header Files\Procedural</Filter>
    </ClInclude>
    <ClInclude Include="..\ogre-procedural\library\include\ProceduralPlaneGenerator.h">
      <Filter>Header Files\Procedural</Filter>
    </ClInclude>
    <ClInclude Include="..\ogre-procedural\library\include\ProceduralRoundedBoxGenerator.h">
      <Filter>Header Files\Procedural</Filter>
    </ClInclude>
    <ClInclude Include="..\ogre-procedural\library\include\ProceduralShape.h">
      <Filter>Header Files\Procedural</Filter>
    </ClInclude>
    <ClInclude Include="..\ogre-procedural\library\include\ProceduralShapeGenerators.h">
      <Filter>Header Files\Procedural</Filter>
    </ClInclude>
    <ClInclude Include="..\ogre-procedural\library\include\ProceduralShapeGeneratorsBase.h">
      <Filter>Header Files\Procedural</Filter>
    </ClInclude>
    <ClInclude Include="..\ogre-procedural\library\include\ProceduralSphereGenerator.h">
      <Filter>Header Files\Procedural</Filter>
    </ClInclude>
    <ClInclude Include="..\ogre-procedural\library\include\ProceduralSplines.h">
      <Filter>Header Files\Procedural</Filter>
    </ClInclude>
    <ClInclude Include="..\ogre-procedural\library\include\ProceduralSpringGenerator.h">
      <Filter>Header Files\Procedural</Filter>
    </ClInclude>
    <ClInclude Include="..\ogre-procedural\library\include\ProceduralSVG.h">
      <Filter>Header Files\Procedural</Filter>
    </ClInclude>
    <ClInclude Include="..\ogre-procedural\library\include\ProceduralTextureBuffer.h">
      <Filter>Header Files\Procedural</Filter>
    </ClInclude>
    <ClInclude Include="..\ogre-procedural\library\include\ProceduralTextureGenerator.h">
      <Filter>Header Files\Procedural</Filter>
    </ClInclude>
    <ClInclude Include="..\ogre-procedural\library\include\ProceduralTextureModifiers.h">
      <Filter>Header Files\Procedural</Filter>
    </ClInclude>
    <ClInclude Include="..\ogre-procedural\library\include\ProceduralTorusGenerator.h">
      <Filter>Header Files\Procedural</Filter>
    </ClInclude>
    <ClInclude Include="..\ogre-procedural\library\include\ProceduralTorusKnotGenerator.h">
      <Filter>Header Files\Procedural</Filter>
    </ClInclude>
    <ClInclude Include="..\ogre-procedural\library\include\ProceduralTrack.h">
      <Filter>Header Files\Procedural</Filter>
    </ClInclude>
    <ClInclude Include="..\ogre-procedural\library\include\ProceduralTriangleBuffer.h">
      <Filter>Header Files\Procedural</Filter>
    </ClInclude>
    <ClInclude Include="..\ogre-procedural\library\include\ProceduralTriangulator.h">
      <Filter>Header Files\Procedural</Filter>
    </ClInclude>
    <ClInclude Include="..\ogre-procedural\library\include\ProceduralTubeGenerator.h">
      <Filter>Header Files\Procedural</Filter>
    </ClInclude>
    <ClInclude Include="..\ogre-procedural\library\include\ProceduralUtils.h">
      <Filter>Header Files\Procedural</Filter>
    </ClInclude>
    <ClInclude Include="..\ogre-procedural\library\include\ProceduralStableHeaders.h">
      <Filter>Header Files\Procedural</Filter>
    </ClInclude>
    <ClInclude Include="..\ogre-procedural\library\include\ProceduralPlatform.h">
      <Filter>Header Files\Procedural</Filter>
    </ClInclude>
    <ClInclude Include="include\DeveloperEntities.h">
      <Filter>Header Files\Entities</Filter>
    </ClInclude>
    <ClInclude Include="include\World.h">
      <Filter>Header Files\World</Filter>
    </ClInclude>
    <ClInclude Include="include\InputManager.h">
      <Filter>Header Files\Input</Filter>
    </ClInclude>
    <ClInclude Include="include\Gamepad.h">
      <Filter>Header Files\Input</Filter>
    </ClInclude>
    <ClInclude Include="include\Keyboard.h">
      <Filter>Header Files\Input</Filter>
    </ClInclude>
    <ClInclude Include="include\Mouse.h">
      <Filter>Header Files\Input</Filter>
    </ClInclude>
    <ClInclude Include="include\FMODMusic.h">
      <Filter>Header Files\Services\Audio</Filter>
    </ClInclude>
    <ClInclude Include="include\Graphics.h">
      <Filter>Header Files\Graphics</Filter>
    </ClInclude>
    <ClInclude Include="include\MovableTextOverlay.h">
      <Filter>Header Files\Graphics</Filter>
    </ClInclude>
    <ClInclude Include="include\CascadedShadowMapping.h">
      <Filter>Header Files\Graphics</Filter>
    </ClInclude>
    <ClInclude Include="include\Camera.h">
      <Filter>Header Files\Graphics</Filter>
    </ClInclude>
    <ClInclude Include="include\Navigation.h">
      <Filter>Header Files\Services\Navigation</Filter>
    </ClInclude>
    <ClInclude Include="include\MeshHelpers.h">
      <Filter>Header Files\Junk</Filter>
    </ClInclude>
    <ClInclude Include="include\PostProcessing.h">
      <Filter>Header Files\Graphics</Filter>
    </ClInclude>
    <ClInclude Include="include\Shadows.h">
      <Filter>Header Files\Graphics</Filter>
    </ClInclude>
    <ClInclude Include="..\hdrlib\HDRCompositor.h">
      <Filter>Header Files\Graphics</Filter>
    </ClInclude>
    <ClInclude Include="include\Actions.h">
      <Filter>Header Files\Input</Filter>
    </ClInclude>
    <ClInclude Include="include\Controllers.h">
      <Filter>Header Files\Input</Filter>
    </ClInclude>
    <ClInclude Include="include\Character.h">
      <Filter>Header Files\Entities\Character</Filter>
    </ClInclude>
    <ClInclude Include="include\Player.h">
      <Filter>Header Files\Entities\Character</Filter>
    </ClInclude>
  </ItemGroup>
  <ItemGroup>
    <None Include="..\README.md">
      <Filter>Resource Files</Filter>
    </None>
  </ItemGroup>
  <ItemGroup>
    <ResourceCompile Include="glacier2.rc">
      <Filter>Resource Files</Filter>
    </ResourceCompile>
  </ItemGroup>
</Project>