<?xml version="1.0" encoding="utf-8"?>
<Project ToolsVersion="4.0" xmlns="http://schemas.microsoft.com/developer/msbuild/2003">
  <ItemGroup>
    <Filter Include="Source Files">
      <UniqueIdentifier>{4FC737F1-C7A5-4376-A066-2A32D752A2FF}</UniqueIdentifier>
      <Extensions>cpp;c;cc;cxx;def;odl;idl;hpj;bat;asm;asmx</Extensions>
    </Filter>
    <Filter Include="Header Files">
      <UniqueIdentifier>{93995380-89BD-4b04-88EB-625FBE52EBFB}</UniqueIdentifier>
      <Extensions>h;hh;hpp;hxx;hm;inl;inc;xsd</Extensions>
    </Filter>
    <Filter Include="Resource Files">
      <UniqueIdentifier>{67DA6AB6-F800-4c08-8B7A-83BB121AAD01}</UniqueIdentifier>
      <Extensions>rc;ico;cur;bmp;dlg;rc2;rct;bin;rgs;gif;jpg;jpeg;jpe;resx;tiff;tif;png;wav;mfcribbon-ms</Extensions>
    </Filter>
  </ItemGroup>
  <ItemGroup>
    <ClCompile Include="library\src\ProceduralBoolean.cpp">
      <Filter>Source Files</Filter>
    </ClCompile>
    <ClCompile Include="library\src\ProceduralBoxGenerator.cpp">
      <Filter>Source Files</Filter>
    </ClCompile>
    <ClCompile Include="library\src\ProceduralCapsuleGenerator.cpp">
      <Filter>Source Files</Filter>
    </ClCompile>
    <ClCompile Include="library\src\ProceduralConeGenerator.cpp">
      <Filter>Source Files</Filter>
    </ClCompile>
    <ClCompile Include="library\src\ProceduralCylinderGenerator.cpp">
      <Filter>Source Files</Filter>
    </ClCompile>
    <ClCompile Include="library\src\ProceduralDebugRendering.cpp">
      <Filter>Source Files</Filter>
    </ClCompile>
    <ClCompile Include="library\src\ProceduralExtruder.cpp">
      <Filter>Source Files</Filter>
    </ClCompile>
    <ClCompile Include="library\src\ProceduralGeometryHelpers.cpp">
      <Filter>Source Files</Filter>
    </ClCompile>
    <ClCompile Include="library\src\ProceduralIcoSphereGenerator.cpp">
      <Filter>Source Files</Filter>
    </ClCompile>
    <ClCompile Include="library\src\ProceduralLathe.cpp">
      <Filter>Source Files</Filter>
    </ClCompile>
    <ClCompile Include="library\src\ProceduralMeshModifiers.cpp">
      <Filter>Source Files</Filter>
    </ClCompile>
    <ClCompile Include="library\src\ProceduralMultiShape.cpp">
      <Filter>Source Files</Filter>
    </ClCompile>
    <ClCompile Include="library\src\ProceduralMultiShapeGenerators.cpp">
      <Filter>Source Files</Filter>
    </ClCompile>
    <ClCompile Include="library\src\ProceduralNoise.cpp">
      <Filter>Source Files</Filter>
    </ClCompile>
    <ClCompile Include="library\src\ProceduralPath.cpp">
      <Filter>Source Files</Filter>
    </ClCompile>
    <ClCompile Include="library\src\ProceduralPathGenerators.cpp">
      <Filter>Source Files</Filter>
    </ClCompile>
    <ClCompile Include="library\src\ProceduralPlaneGenerator.cpp">
      <Filter>Source Files</Filter>
    </ClCompile>
    <ClCompile Include="library\src\ProceduralPrecompiledHeaders.cpp">
      <Filter>Source Files</Filter>
    </ClCompile>
    <ClCompile Include="library\src\ProceduralPrismGenerator.cpp">
      <Filter>Source Files</Filter>
    </ClCompile>
    <ClCompile Include="library\src\ProceduralRoundedBoxGenerator.cpp">
      <Filter>Source Files</Filter>
    </ClCompile>
    <ClCompile Include="library\src\ProceduralShape.cpp">
      <Filter>Source Files</Filter>
    </ClCompile>
    <ClCompile Include="library\src\ProceduralShapeGenerators.cpp">
      <Filter>Source Files</Filter>
    </ClCompile>
    <ClCompile Include="library\src\ProceduralSphereGenerator.cpp">
      <Filter>Source Files</Filter>
    </ClCompile>
    <ClCompile Include="library\src\ProceduralSpringGenerator.cpp">
      <Filter>Source Files</Filter>
    </ClCompile>
    <ClCompile Include="library\src\ProceduralSVG.cpp">
      <Filter>Source Files</Filter>
    </ClCompile>
    <ClCompile Include="library\src\ProceduralTextureBuffer.cpp">
      <Filter>Source Files</Filter>
    </ClCompile>
    <ClCompile Include="library\src\ProceduralTextureGenerator.cpp">
      <Filter>Source Files</Filter>
    </ClCompile>
    <ClCompile Include="library\src\ProceduralTextureModifiers.cpp">
      <Filter>Source Files</Filter>
    </ClCompile>
    <ClCompile Include="library\src\ProceduralTorusGenerator.cpp">
      <Filter>Source Files</Filter>
    </ClCompile>
    <ClCompile Include="library\src\ProceduralTorusKnotGenerator.cpp">
      <Filter>Source Files</Filter>
    </ClCompile>
    <ClCompile Include="library\src\ProceduralTrack.cpp">
      <Filter>Source Files</Filter>
    </ClCompile>
    <ClCompile Include="library\src\ProceduralTriangleBuffer.cpp">
      <Filter>Source Files</Filter>
    </ClCompile>
    <ClCompile Include="library\src\ProceduralTriangulator.cpp">
      <Filter>Source Files</Filter>
    </ClCompile>
    <ClCompile Include="library\src\ProceduralTubeGenerator.cpp">
      <Filter>Source Files</Filter>
    </ClCompile>
    <ClCompile Include="library\src\ProceduralUtils.cpp">
      <Filter>Source Files</Filter>
    </ClCompile>
  </ItemGroup>
  <ItemGroup>
    <ClInclude Include="library\include\Procedural.h">
      <Filter>Header Files</Filter>
    </ClInclude>
    <ClInclude Include="library\include\ProceduralBoolean.h">
      <Filter>Header Files</Filter>
    </ClInclude>
    <ClInclude Include="library\include\ProceduralBoxGenerator.h">
      <Filter>Header Files</Filter>
    </ClInclude>
    <ClInclude Include="library\include\ProceduralCapsuleGenerator.h">
      <Filter>Header Files</Filter>
    </ClInclude>
    <ClInclude Include="library\include\ProceduralConeGenerator.h">
      <Filter>Header Files</Filter>
    </ClInclude>
    <ClInclude Include="library\include\ProceduralCylinderGenerator.h">
      <Filter>Header Files</Filter>
    </ClInclude>
    <ClInclude Include="library\include\ProceduralDebugRendering.h">
      <Filter>Header Files</Filter>
    </ClInclude>
    <ClInclude Include="library\include\ProceduralExtruder.h">
      <Filter>Header Files</Filter>
    </ClInclude>
    <ClInclude Include="library\include\ProceduralGeometryHelpers.h">
      <Filter>Header Files</Filter>
    </ClInclude>
    <ClInclude Include="library\include\ProceduralIcoSphereGenerator.h">
      <Filter>Header Files</Filter>
    </ClInclude>
    <ClInclude Include="library\include\ProceduralLathe.h">
      <Filter>Header Files</Filter>
    </ClInclude>
    <ClInclude Include="library\include\ProceduralMeshGenerator.h">
      <Filter>Header Files</Filter>
    </ClInclude>
    <ClInclude Include="library\include\ProceduralMeshModifiers.h">
      <Filter>Header Files</Filter>
    </ClInclude>
    <ClInclude Include="library\include\ProceduralMultiShape.h">
      <Filter>Header Files</Filter>
    </ClInclude>
    <ClInclude Include="library\include\ProceduralMultiShapeGenerators.h">
      <Filter>Header Files</Filter>
    </ClInclude>
    <ClInclude Include="library\include\ProceduralNoise.h">
      <Filter>Header Files</Filter>
    </ClInclude>
    <ClInclude Include="library\include\ProceduralPath.h">
      <Filter>Header Files</Filter>
    </ClInclude>
    <ClInclude Include="library\include\ProceduralPathGenerators.h">
      <Filter>Header Files</Filter>
    </ClInclude>
    <ClInclude Include="library\include\ProceduralPathGeneratorsBase.h">
      <Filter>Header Files</Filter>
    </ClInclude>
    <ClInclude Include="library\include\ProceduralPlaneGenerator.h">
      <Filter>Header Files</Filter>
    </ClInclude>
    <ClInclude Include="library\include\ProceduralPlatform.h">
      <Filter>Header Files</Filter>
    </ClInclude>
    <ClInclude Include="library\include\ProceduralPrismGenerator.h">
      <Filter>Header Files</Filter>
    </ClInclude>
    <ClInclude Include="library\include\ProceduralRoundedBoxGenerator.h">
      <Filter>Header Files</Filter>
    </ClInclude>
    <ClInclude Include="library\include\ProceduralShape.h">
      <Filter>Header Files</Filter>
    </ClInclude>
    <ClInclude Include="library\include\ProceduralShapeGenerators.h">
      <Filter>Header Files</Filter>
    </ClInclude>
    <ClInclude Include="library\include\ProceduralShapeGeneratorsBase.h">
      <Filter>Header Files</Filter>
    </ClInclude>
    <ClInclude Include="library\include\ProceduralSphereGenerator.h">
      <Filter>Header Files</Filter>
    </ClInclude>
    <ClInclude Include="library\include\ProceduralSplines.h">
      <Filter>Header Files</Filter>
    </ClInclude>
    <ClInclude Include="library\include\ProceduralSpringGenerator.h">
      <Filter>Header Files</Filter>
    </ClInclude>
    <ClInclude Include="library\include\ProceduralStableHeaders.h">
      <Filter>Header Files</Filter>
    </ClInclude>
    <ClInclude Include="library\include\ProceduralSVG.h">
      <Filter>Header Files</Filter>
    </ClInclude>
    <ClInclude Include="library\include\ProceduralTextureBuffer.h">
      <Filter>Header Files</Filter>
    </ClInclude>
    <ClInclude Include="library\include\ProceduralTextureGenerator.h">
      <Filter>Header Files</Filter>
    </ClInclude>
    <ClInclude Include="library\include\ProceduralTextureModifiers.h">
      <Filter>Header Files</Filter>
    </ClInclude>
    <ClInclude Include="library\include\ProceduralTorusGenerator.h">
      <Filter>Header Files</Filter>
    </ClInclude>
    <ClInclude Include="library\include\ProceduralTorusKnotGenerator.h">
      <Filter>Header Files</Filter>
    </ClInclude>
    <ClInclude Include="library\include\ProceduralTrack.h">
      <Filter>Header Files</Filter>
    </ClInclude>
    <ClInclude Include="library\include\ProceduralTriangleBuffer.h">
      <Filter>Header Files</Filter>
    </ClInclude>
    <ClInclude Include="library\include\ProceduralTriangulator.h">
      <Filter>Header Files</Filter>
    </ClInclude>
    <ClInclude Include="library\include\ProceduralTubeGenerator.h">
      <Filter>Header Files</Filter>
    </ClInclude>
    <ClInclude Include="library\include\ProceduralUtils.h">
      <Filter>Header Files</Filter>
    </ClInclude>
  </ItemGroup>
</Project>